
Microsoft Visual Studio Solution File, Format Version 12.00
# Visual Studio Version 16
VisualStudioVersion = 16.0.31702.278
MinimumVisualStudioVersion = 10.0.40219.1
Project("{FAE04EC0-301F-11D3-BF4B-00C04F79EFBC}") = "strategy", "strategy\strategy.csproj", "{683A9861-4C2B-4C3A-978A-FB6986C5504D}"
EndProject
Global
	GlobalSection(SolutionConfigurationPlatforms) = preSolution
		Debug|Any CPU = Debug|Any CPU
		Release|Any CPU = Release|Any CPU
	EndGlobalSection
	GlobalSection(ProjectConfigurationPlatforms) = postSolution
		{683A9861-4C2B-4C3A-978A-FB6986C5504D}.Debug|Any CPU.ActiveCfg = Debug|Any CPU
		{683A9861-4C2B-4C3A-978A-FB6986C5504D}.Debug|Any CPU.Build.0 = Debug|Any CPU
		{683A9861-4C2B-4C3A-978A-FB6986C5504D}.Release|Any CPU.ActiveCfg = Release|Any CPU
		{683A9861-4C2B-4C3A-978A-FB6986C5504D}.Release|Any CPU.Build.0 = Release|Any CPU
	EndGlobalSection
	GlobalSection(SolutionProperties) = preSolution
		HideSolutionNode = FALSE
	EndGlobalSection
	GlobalSection(ExtensibilityGlobals) = postSolution
		SolutionGuid = {D72DD4A4-EA3E-43F4-9B7F-93DD171BF84D}
	EndGlobalSection
EndGlobal
